// !$*UTF8*$!
{
	archiveVersion = 1;
	classes = {
	};
	objectVersion = 56;
	objects = {

/* Begin PBXBuildFile section */
		CE5371872B244CFD00E9CB62 /* SearchViewModel.swift in Sources */ = {isa = PBXBuildFile; fileRef = CE5371862B244CFD00E9CB62 /* SearchViewModel.swift */; };
		CE5371892B24BC2200E9CB62 /* ViewController + UITableVIew.swift in Sources */ = {isa = PBXBuildFile; fileRef = CE5371882B24BC2200E9CB62 /* ViewController + UITableVIew.swift */; };
		CE53718B2B24BC3400E9CB62 /* ViewController + UICollectionView.swift in Sources */ = {isa = PBXBuildFile; fileRef = CE53718A2B24BC3400E9CB62 /* ViewController + UICollectionView.swift */; };
		CEB1DBF12B21B558004DCEF6 /* AppDelegate.swift in Sources */ = {isa = PBXBuildFile; fileRef = CEB1DBF02B21B558004DCEF6 /* AppDelegate.swift */; };
		CEB1DBF32B21B558004DCEF6 /* SceneDelegate.swift in Sources */ = {isa = PBXBuildFile; fileRef = CEB1DBF22B21B558004DCEF6 /* SceneDelegate.swift */; };
		CEB1DBF52B21B558004DCEF6 /* ViewController.swift in Sources */ = {isa = PBXBuildFile; fileRef = CEB1DBF42B21B558004DCEF6 /* ViewController.swift */; };
		CEB1DBF82B21B558004DCEF6 /* Main.storyboard in Resources */ = {isa = PBXBuildFile; fileRef = CEB1DBF62B21B558004DCEF6 /* Main.storyboard */; };
		CEB1DBFA2B21B55A004DCEF6 /* Assets.xcassets in Resources */ = {isa = PBXBuildFile; fileRef = CEB1DBF92B21B55A004DCEF6 /* Assets.xcassets */; };
		CEB1DBFD2B21B55A004DCEF6 /* LaunchScreen.storyboard in Resources */ = {isa = PBXBuildFile; fileRef = CEB1DBFB2B21B55A004DCEF6 /* LaunchScreen.storyboard */; };
		CEB1DC062B21BA18004DCEF6 /* WeatherDetail.swift in Sources */ = {isa = PBXBuildFile; fileRef = CEB1DC052B21BA18004DCEF6 /* WeatherDetail.swift */; };
		CEB1DC082B21BA5D004DCEF6 /* WeatherViewModel.swift in Sources */ = {isa = PBXBuildFile; fileRef = CEB1DC072B21BA5D004DCEF6 /* WeatherViewModel.swift */; };
		CEB1DC0A2B21BAAB004DCEF6 /* WeatherAPI.swift in Sources */ = {isa = PBXBuildFile; fileRef = CEB1DC092B21BAAB004DCEF6 /* WeatherAPI.swift */; };
		CEB1DC0C2B21C357004DCEF6 /* SearchResultViewController.swift in Sources */ = {isa = PBXBuildFile; fileRef = CEB1DC0B2B21C357004DCEF6 /* SearchResultViewController.swift */; };
		CEB1DC0E2B21D844004DCEF6 /* WeatherHourCell.swift in Sources */ = {isa = PBXBuildFile; fileRef = CEB1DC0D2B21D844004DCEF6 /* WeatherHourCell.swift */; };
		CEB1DC102B21E468004DCEF6 /* WeatherDayCell.swift in Sources */ = {isa = PBXBuildFile; fileRef = CEB1DC0F2B21E468004DCEF6 /* WeatherDayCell.swift */; };
		CEB1DC122B21FF34004DCEF6 /* WeatherHourModel.swift in Sources */ = {isa = PBXBuildFile; fileRef = CEB1DC112B21FF34004DCEF6 /* WeatherHourModel.swift */; };
/* End PBXBuildFile section */

/* Begin PBXFileReference section */
		CE5371862B244CFD00E9CB62 /* SearchViewModel.swift */ = {isa = PBXFileReference; lastKnownFileType = sourcecode.swift; path = SearchViewModel.swift; sourceTree = "<group>"; };
		CE5371882B24BC2200E9CB62 /* ViewController + UITableVIew.swift */ = {isa = PBXFileReference; lastKnownFileType = sourcecode.swift; path = "ViewController + UITableVIew.swift"; sourceTree = "<group>"; };
		CE53718A2B24BC3400E9CB62 /* ViewController + UICollectionView.swift */ = {isa = PBXFileReference; lastKnownFileType = sourcecode.swift; path = "ViewController + UICollectionView.swift"; sourceTree = "<group>"; };
		CEB1DBED2B21B558004DCEF6 /* WeatherNow.app */ = {isa = PBXFileReference; explicitFileType = wrapper.application; includeInIndex = 0; path = WeatherNow.app; sourceTree = BUILT_PRODUCTS_DIR; };
		CEB1DBF02B21B558004DCEF6 /* AppDelegate.swift */ = {isa = PBXFileReference; lastKnownFileType = sourcecode.swift; path = AppDelegate.swift; sourceTree = "<group>"; };
		CEB1DBF22B21B558004DCEF6 /* SceneDelegate.swift */ = {isa = PBXFileReference; lastKnownFileType = sourcecode.swift; path = SceneDelegate.swift; sourceTree = "<group>"; };
		CEB1DBF42B21B558004DCEF6 /* ViewController.swift */ = {isa = PBXFileReference; lastKnownFileType = sourcecode.swift; path = ViewController.swift; sourceTree = "<group>"; };
		CEB1DBF72B21B558004DCEF6 /* Base */ = {isa = PBXFileReference; lastKnownFileType = file.storyboard; name = Base; path = Base.lproj/Main.storyboard; sourceTree = "<group>"; };
		CEB1DBF92B21B55A004DCEF6 /* Assets.xcassets */ = {isa = PBXFileReference; lastKnownFileType = folder.assetcatalog; path = Assets.xcassets; sourceTree = "<group>"; };
		CEB1DBFC2B21B55A004DCEF6 /* Base */ = {isa = PBXFileReference; lastKnownFileType = file.storyboard; name = Base; path = Base.lproj/LaunchScreen.storyboard; sourceTree = "<group>"; };
		CEB1DBFE2B21B55A004DCEF6 /* Info.plist */ = {isa = PBXFileReference; lastKnownFileType = text.plist.xml; path = Info.plist; sourceTree = "<group>"; };
		CEB1DC052B21BA18004DCEF6 /* WeatherDetail.swift */ = {isa = PBXFileReference; lastKnownFileType = sourcecode.swift; path = WeatherDetail.swift; sourceTree = "<group>"; };
		CEB1DC072B21BA5D004DCEF6 /* WeatherViewModel.swift */ = {isa = PBXFileReference; lastKnownFileType = sourcecode.swift; path = WeatherViewModel.swift; sourceTree = "<group>"; };
		CEB1DC092B21BAAB004DCEF6 /* WeatherAPI.swift */ = {isa = PBXFileReference; lastKnownFileType = sourcecode.swift; path = WeatherAPI.swift; sourceTree = "<group>"; };
		CEB1DC0B2B21C357004DCEF6 /* SearchResultViewController.swift */ = {isa = PBXFileReference; lastKnownFileType = sourcecode.swift; path = SearchResultViewController.swift; sourceTree = "<group>"; };
		CEB1DC0D2B21D844004DCEF6 /* WeatherHourCell.swift */ = {isa = PBXFileReference; lastKnownFileType = sourcecode.swift; path = WeatherHourCell.swift; sourceTree = "<group>"; };
		CEB1DC0F2B21E468004DCEF6 /* WeatherDayCell.swift */ = {isa = PBXFileReference; lastKnownFileType = sourcecode.swift; path = WeatherDayCell.swift; sourceTree = "<group>"; };
		CEB1DC112B21FF34004DCEF6 /* WeatherHourModel.swift */ = {isa = PBXFileReference; lastKnownFileType = sourcecode.swift; path = WeatherHourModel.swift; sourceTree = "<group>"; };
/* End PBXFileReference section */

/* Begin PBXFrameworksBuildPhase section */
		CEB1DBEA2B21B558004DCEF6 /* Frameworks */ = {
			isa = PBXFrameworksBuildPhase;
			buildActionMask = 2147483647;
			files = (
			);
			runOnlyForDeploymentPostprocessing = 0;
		};
/* End PBXFrameworksBuildPhase section */

/* Begin PBXGroup section */
		CE53718C2B24BC9B00E9CB62 /* Manager */ = {
			isa = PBXGroup;
			children = (
				CEB1DC092B21BAAB004DCEF6 /* WeatherAPI.swift */,
			);
			path = Manager;
			sourceTree = "<group>";
		};
		CEB1DBE42B21B558004DCEF6 = {
			isa = PBXGroup;
			children = (
				CEB1DBEF2B21B558004DCEF6 /* WeatherNow */,
				CEB1DBEE2B21B558004DCEF6 /* Products */,
			);
			sourceTree = "<group>";
		};
		CEB1DBEE2B21B558004DCEF6 /* Products */ = {
			isa = PBXGroup;
			children = (
				CEB1DBED2B21B558004DCEF6 /* WeatherNow.app */,
			);
			name = Products;
			sourceTree = "<group>";
		};
		CEB1DBEF2B21B558004DCEF6 /* WeatherNow */ = {
			isa = PBXGroup;
			children = (
				CE53718C2B24BC9B00E9CB62 /* Manager */,
				CEB1DC162B220254004DCEF6 /* Supporting */,
				CEB1DC152B22024B004DCEF6 /* Application */,
				CEB1DC142B220243004DCEF6 /* View */,
				CEB1DC132B220239004DCEF6 /* ViewModel */,
				CEB1DC042B21BA06004DCEF6 /* Model */,
				CEB1DBFE2B21B55A004DCEF6 /* Info.plist */,
			);
			path = WeatherNow;
			sourceTree = "<group>";
		};
		CEB1DC042B21BA06004DCEF6 /* Model */ = {
			isa = PBXGroup;
			children = (
				CEB1DC052B21BA18004DCEF6 /* WeatherDetail.swift */,
				CEB1DC112B21FF34004DCEF6 /* WeatherHourModel.swift */,
			);
			path = Model;
			sourceTree = "<group>";
		};
		CEB1DC132B220239004DCEF6 /* ViewModel */ = {
			isa = PBXGroup;
			children = (
				CEB1DC072B21BA5D004DCEF6 /* WeatherViewModel.swift */,
				CE5371862B244CFD00E9CB62 /* SearchViewModel.swift */,
			);
			path = ViewModel;
			sourceTree = "<group>";
		};
		CEB1DC142B220243004DCEF6 /* View */ = {
			isa = PBXGroup;
			children = (
				CEB1DC172B220263004DCEF6 /* Cell */,
				CEB1DBF42B21B558004DCEF6 /* ViewController.swift */,
				CE5371882B24BC2200E9CB62 /* ViewController + UITableVIew.swift */,
				CE53718A2B24BC3400E9CB62 /* ViewController + UICollectionView.swift */,
				CEB1DC0B2B21C357004DCEF6 /* SearchResultViewController.swift */,
			);
			path = View;
			sourceTree = "<group>";
		};
		CEB1DC152B22024B004DCEF6 /* Application */ = {
			isa = PBXGroup;
			children = (
				CEB1DBF02B21B558004DCEF6 /* AppDelegate.swift */,
				CEB1DBF22B21B558004DCEF6 /* SceneDelegate.swift */,
			);
			path = Application;
			sourceTree = "<group>";
		};
		CEB1DC162B220254004DCEF6 /* Supporting */ = {
			isa = PBXGroup;
			children = (
				CEB1DBF62B21B558004DCEF6 /* Main.storyboard */,
				CEB1DBF92B21B55A004DCEF6 /* Assets.xcassets */,
				CEB1DBFB2B21B55A004DCEF6 /* LaunchScreen.storyboard */,
			);
			path = Supporting;
			sourceTree = "<group>";
		};
		CEB1DC172B220263004DCEF6 /* Cell */ = {
			isa = PBXGroup;
			children = (
				CEB1DC0D2B21D844004DCEF6 /* WeatherHourCell.swift */,
				CEB1DC0F2B21E468004DCEF6 /* WeatherDayCell.swift */,
			);
			path = Cell;
			sourceTree = "<group>";
		};
/* End PBXGroup section */

/* Begin PBXNativeTarget section */
		CEB1DBEC2B21B558004DCEF6 /* WeatherNow */ = {
			isa = PBXNativeTarget;
			buildConfigurationList = CEB1DC012B21B55A004DCEF6 /* Build configuration list for PBXNativeTarget "WeatherNow" */;
			buildPhases = (
				CEB1DBE92B21B558004DCEF6 /* Sources */,
				CEB1DBEA2B21B558004DCEF6 /* Frameworks */,
				CEB1DBEB2B21B558004DCEF6 /* Resources */,
			);
			buildRules = (
			);
			dependencies = (
			);
			name = WeatherNow;
			productName = WeatherNow;
			productReference = CEB1DBED2B21B558004DCEF6 /* WeatherNow.app */;
			productType = "com.apple.product-type.application";
		};
/* End PBXNativeTarget section */

/* Begin PBXProject section */
		CEB1DBE52B21B558004DCEF6 /* Project object */ = {
			isa = PBXProject;
			attributes = {
				BuildIndependentTargetsInParallel = 1;
				LastSwiftUpdateCheck = 1430;
				LastUpgradeCheck = 1430;
				TargetAttributes = {
					CEB1DBEC2B21B558004DCEF6 = {
						CreatedOnToolsVersion = 14.3;
					};
				};
			};
			buildConfigurationList = CEB1DBE82B21B558004DCEF6 /* Build configuration list for PBXProject "WeatherNow" */;
			compatibilityVersion = "Xcode 14.0";
			developmentRegion = en;
			hasScannedForEncodings = 0;
			knownRegions = (
				en,
				Base,
			);
			mainGroup = CEB1DBE42B21B558004DCEF6;
			productRefGroup = CEB1DBEE2B21B558004DCEF6 /* Products */;
			projectDirPath = "";
			projectRoot = "";
			targets = (
				CEB1DBEC2B21B558004DCEF6 /* WeatherNow */,
			);
		};
/* End PBXProject section */

/* Begin PBXResourcesBuildPhase section */
		CEB1DBEB2B21B558004DCEF6 /* Resources */ = {
			isa = PBXResourcesBuildPhase;
			buildActionMask = 2147483647;
			files = (
				CEB1DBFD2B21B55A004DCEF6 /* LaunchScreen.storyboard in Resources */,
				CEB1DBFA2B21B55A004DCEF6 /* Assets.xcassets in Resources */,
				CEB1DBF82B21B558004DCEF6 /* Main.storyboard in Resources */,
			);
			runOnlyForDeploymentPostprocessing = 0;
		};
/* End PBXResourcesBuildPhase section */

/* Begin PBXSourcesBuildPhase section */
		CEB1DBE92B21B558004DCEF6 /* Sources */ = {
			isa = PBXSourcesBuildPhase;
			buildActionMask = 2147483647;
			files = (
				CE5371892B24BC2200E9CB62 /* ViewController + UITableVIew.swift in Sources */,
				CE5371872B244CFD00E9CB62 /* SearchViewModel.swift in Sources */,
				CEB1DC082B21BA5D004DCEF6 /* WeatherViewModel.swift in Sources */,
				CEB1DC0C2B21C357004DCEF6 /* SearchResultViewController.swift in Sources */,
				CEB1DC0E2B21D844004DCEF6 /* WeatherHourCell.swift in Sources */,
				CEB1DBF52B21B558004DCEF6 /* ViewController.swift in Sources */,
				CEB1DBF12B21B558004DCEF6 /* AppDelegate.swift in Sources */,
				CEB1DC122B21FF34004DCEF6 /* WeatherHourModel.swift in Sources */,
				CEB1DC0A2B21BAAB004DCEF6 /* WeatherAPI.swift in Sources */,
				CEB1DC102B21E468004DCEF6 /* WeatherDayCell.swift in Sources */,
				CEB1DC062B21BA18004DCEF6 /* WeatherDetail.swift in Sources */,
				CEB1DBF32B21B558004DCEF6 /* SceneDelegate.swift in Sources */,
				CE53718B2B24BC3400E9CB62 /* ViewController + UICollectionView.swift in Sources */,
			);
			runOnlyForDeploymentPostprocessing = 0;
		};
/* End PBXSourcesBuildPhase section */

/* Begin PBXVariantGroup section */
		CEB1DBF62B21B558004DCEF6 /* Main.storyboard */ = {
			isa = PBXVariantGroup;
			children = (
				CEB1DBF72B21B558004DCEF6 /* Base */,
			);
			name = Main.storyboard;
			sourceTree = "<group>";
		};
		CEB1DBFB2B21B55A004DCEF6 /* LaunchScreen.storyboard */ = {
			isa = PBXVariantGroup;
			children = (
				CEB1DBFC2B21B55A004DCEF6 /* Base */,
			);
			name = LaunchScreen.storyboard;
			sourceTree = "<group>";
		};
/* End PBXVariantGroup section */

/* Begin XCBuildConfiguration section */
		CEB1DBFF2B21B55A004DCEF6 /* Debug */ = {
			isa = XCBuildConfiguration;
			buildSettings = {
				ALWAYS_SEARCH_USER_PATHS = NO;
				CLANG_ANALYZER_NONNULL = YES;
				CLANG_ANALYZER_NUMBER_OBJECT_CONVERSION = YES_AGGRESSIVE;
				CLANG_CXX_LANGUAGE_STANDARD = "gnu++20";
				CLANG_ENABLE_MODULES = YES;
				CLANG_ENABLE_OBJC_ARC = YES;
				CLANG_ENABLE_OBJC_WEAK = YES;
				CLANG_WARN_BLOCK_CAPTURE_AUTORELEASING = YES;
				CLANG_WARN_BOOL_CONVERSION = YES;
				CLANG_WARN_COMMA = YES;
				CLANG_WARN_CONSTANT_CONVERSION = YES;
				CLANG_WARN_DEPRECATED_OBJC_IMPLEMENTATIONS = YES;
				CLANG_WARN_DIRECT_OBJC_ISA_USAGE = YES_ERROR;
				CLANG_WARN_DOCUMENTATION_COMMENTS = YES;
				CLANG_WARN_EMPTY_BODY = YES;
				CLANG_WARN_ENUM_CONVERSION = YES;
				CLANG_WARN_INFINITE_RECURSION = YES;
				CLANG_WARN_INT_CONVERSION = YES;
				CLANG_WARN_NON_LITERAL_NULL_CONVERSION = YES;
				CLANG_WARN_OBJC_IMPLICIT_RETAIN_SELF = YES;
				CLANG_WARN_OBJC_LITERAL_CONVERSION = YES;
				CLANG_WARN_OBJC_ROOT_CLASS = YES_ERROR;
				CLANG_WARN_QUOTED_INCLUDE_IN_FRAMEWORK_HEADER = YES;
				CLANG_WARN_RANGE_LOOP_ANALYSIS = YES;
				CLANG_WARN_STRICT_PROTOTYPES = YES;
				CLANG_WARN_SUSPICIOUS_MOVE = YES;
				CLANG_WARN_UNGUARDED_AVAILABILITY = YES_AGGRESSIVE;
				CLANG_WARN_UNREACHABLE_CODE = YES;
				CLANG_WARN__DUPLICATE_METHOD_MATCH = YES;
				COPY_PHASE_STRIP = NO;
				DEBUG_INFORMATION_FORMAT = dwarf;
				ENABLE_STRICT_OBJC_MSGSEND = YES;
				ENABLE_TESTABILITY = YES;
				GCC_C_LANGUAGE_STANDARD = gnu11;
				GCC_DYNAMIC_NO_PIC = NO;
				GCC_NO_COMMON_BLOCKS = YES;
				GCC_OPTIMIZATION_LEVEL = 0;
				GCC_PREPROCESSOR_DEFINITIONS = (
					"DEBUG=1",
					"$(inherited)",
				);
				GCC_WARN_64_TO_32_BIT_CONVERSION = YES;
				GCC_WARN_ABOUT_RETURN_TYPE = YES_ERROR;
				GCC_WARN_UNDECLARED_SELECTOR = YES;
				GCC_WARN_UNINITIALIZED_AUTOS = YES_AGGRESSIVE;
				GCC_WARN_UNUSED_FUNCTION = YES;
				GCC_WARN_UNUSED_VARIABLE = YES;
				IPHONEOS_DEPLOYMENT_TARGET = 16.4;
				MTL_ENABLE_DEBUG_INFO = INCLUDE_SOURCE;
				MTL_FAST_MATH = YES;
				ONLY_ACTIVE_ARCH = YES;
				SDKROOT = iphoneos;
				SWIFT_ACTIVE_COMPILATION_CONDITIONS = DEBUG;
				SWIFT_OPTIMIZATION_LEVEL = "-Onone";
			};
			name = Debug;
		};
		CEB1DC002B21B55A004DCEF6 /* Release */ = {
			isa = XCBuildConfiguration;
			buildSettings = {
				ALWAYS_SEARCH_USER_PATHS = NO;
				CLANG_ANALYZER_NONNULL = YES;
				CLANG_ANALYZER_NUMBER_OBJECT_CONVERSION = YES_AGGRESSIVE;
				CLANG_CXX_LANGUAGE_STANDARD = "gnu++20";
				CLANG_ENABLE_MODULES = YES;
				CLANG_ENABLE_OBJC_ARC = YES;
				CLANG_ENABLE_OBJC_WEAK = YES;
				CLANG_WARN_BLOCK_CAPTURE_AUTORELEASING = YES;
				CLANG_WARN_BOOL_CONVERSION = YES;
				CLANG_WARN_COMMA = YES;
				CLANG_WARN_CONSTANT_CONVERSION = YES;
				CLANG_WARN_DEPRECATED_OBJC_IMPLEMENTATIONS = YES;
				CLANG_WARN_DIRECT_OBJC_ISA_USAGE = YES_ERROR;
				CLANG_WARN_DOCUMENTATION_COMMENTS = YES;
				CLANG_WARN_EMPTY_BODY = YES;
				CLANG_WARN_ENUM_CONVERSION = YES;
				CLANG_WARN_INFINITE_RECURSION = YES;
				CLANG_WARN_INT_CONVERSION = YES;
				CLANG_WARN_NON_LITERAL_NULL_CONVERSION = YES;
				CLANG_WARN_OBJC_IMPLICIT_RETAIN_SELF = YES;
				CLANG_WARN_OBJC_LITERAL_CONVERSION = YES;
				CLANG_WARN_OBJC_ROOT_CLASS = YES_ERROR;
				CLANG_WARN_QUOTED_INCLUDE_IN_FRAMEWORK_HEADER = YES;
				CLANG_WARN_RANGE_LOOP_ANALYSIS = YES;
				CLANG_WARN_STRICT_PROTOTYPES = YES;
				CLANG_WARN_SUSPICIOUS_MOVE = YES;
				CLANG_WARN_UNGUARDED_AVAILABILITY = YES_AGGRESSIVE;
				CLANG_WARN_UNREACHABLE_CODE = YES;
				CLANG_WARN__DUPLICATE_METHOD_MATCH = YES;
				COPY_PHASE_STRIP = NO;
				DEBUG_INFORMATION_FORMAT = "dwarf-with-dsym";
				ENABLE_NS_ASSERTIONS = NO;
				ENABLE_STRICT_OBJC_MSGSEND = YES;
				GCC_C_LANGUAGE_STANDARD = gnu11;
				GCC_NO_COMMON_BLOCKS = YES;
				GCC_WARN_64_TO_32_BIT_CONVERSION = YES;
				GCC_WARN_ABOUT_RETURN_TYPE = YES_ERROR;
				GCC_WARN_UNDECLARED_SELECTOR = YES;
				GCC_WARN_UNINITIALIZED_AUTOS = YES_AGGRESSIVE;
				GCC_WARN_UNUSED_FUNCTION = YES;
				GCC_WARN_UNUSED_VARIABLE = YES;
				IPHONEOS_DEPLOYMENT_TARGET = 16.4;
				MTL_ENABLE_DEBUG_INFO = NO;
				MTL_FAST_MATH = YES;
				SDKROOT = iphoneos;
				SWIFT_COMPILATION_MODE = wholemodule;
				SWIFT_OPTIMIZATION_LEVEL = "-O";
				VALIDATE_PRODUCT = YES;
			};
			name = Release;
		};
		CEB1DC022B21B55A004DCEF6 /* Debug */ = {
			isa = XCBuildConfiguration;
			buildSettings = {
				ASSETCATALOG_COMPILER_APPICON_NAME = AppIcon;
				ASSETCATALOG_COMPILER_GLOBAL_ACCENT_COLOR_NAME = AccentColor;
				CODE_SIGN_STYLE = Automatic;
				CURRENT_PROJECT_VERSION = 1;
				DEVELOPMENT_TEAM = Q32WAK9PQ6;
				GENERATE_INFOPLIST_FILE = YES;
				INFOPLIST_FILE = WeatherNow/Info.plist;
				INFOPLIST_KEY_UIApplicationSupportsIndirectInputEvents = YES;
				INFOPLIST_KEY_UILaunchStoryboardName = LaunchScreen;
				INFOPLIST_KEY_UIMainStoryboardFile = Main;
				INFOPLIST_KEY_UISupportedInterfaceOrientations_iPad = "UIInterfaceOrientationPortrait UIInterfaceOrientationPortraitUpsideDown UIInterfaceOrientationLandscapeLeft UIInterfaceOrientationLandscapeRight";
				INFOPLIST_KEY_UISupportedInterfaceOrientations_iPhone = "UIInterfaceOrientationPortrait UIInterfaceOrientationLandscapeLeft UIInterfaceOrientationLandscapeRight";
				LD_RUNPATH_SEARCH_PATHS = (
					"$(inherited)",
					"@executable_path/Frameworks",
				);
				MARKETING_VERSION = 1.0;
				PRODUCT_BUNDLE_IDENTIFIER = com.0011.WeatherNow;
				PRODUCT_NAME = "$(TARGET_NAME)";
				SWIFT_EMIT_LOC_STRINGS = YES;
				SWIFT_VERSION = 5.0;
				TARGETED_DEVICE_FAMILY = "1,2";
			};
			name = Debug;
		};
		CEB1DC032B21B55A004DCEF6 /* Release */ = {
			isa = XCBuildConfiguration;
			buildSettings = {
				ASSETCATALOG_COMPILER_APPICON_NAME = AppIcon;
				ASSETCATALOG_COMPILER_GLOBAL_ACCENT_COLOR_NAME = AccentColor;
				CODE_SIGN_STYLE = Automatic;
				CURRENT_PROJECT_VERSION = 1;
				DEVELOPMENT_TEAM = Q32WAK9PQ6;
				GENERATE_INFOPLIST_FILE = YES;
				INFOPLIST_FILE = WeatherNow/Info.plist;
				INFOPLIST_KEY_UIApplicationSupportsIndirectInputEvents = YES;
				INFOPLIST_KEY_UILaunchStoryboardName = LaunchScreen;
				INFOPLIST_KEY_UIMainStoryboardFile = Main;
				INFOPLIST_KEY_UISupportedInterfaceOrientations_iPad = "UIInterfaceOrientationPortrait UIInterfaceOrientationPortraitUpsideDown UIInterfaceOrientationLandscapeLeft UIInterfaceOrientationLandscapeRight";
				INFOPLIST_KEY_UISupportedInterfaceOrientations_iPhone = "UIInterfaceOrientationPortrait UIInterfaceOrientationLandscapeLeft UIInterfaceOrientationLandscapeRight";
				LD_RUNPATH_SEARCH_PATHS = (
					"$(inherited)",
					"@executable_path/Frameworks",
				);
				MARKETING_VERSION = 1.0;
				PRODUCT_BUNDLE_IDENTIFIER = com.0011.WeatherNow;
				PRODUCT_NAME = "$(TARGET_NAME)";
				SWIFT_EMIT_LOC_STRINGS = YES;
				SWIFT_VERSION = 5.0;
				TARGETED_DEVICE_FAMILY = "1,2";
			};
			name = Release;
		};
/* End XCBuildConfiguration section */

/* Begin XCConfigurationList section */
		CEB1DBE82B21B558004DCEF6 /* Build configuration list for PBXProject "WeatherNow" */ = {
			isa = XCConfigurationList;
			buildConfigurations = (
				CEB1DBFF2B21B55A004DCEF6 /* Debug */,
				CEB1DC002B21B55A004DCEF6 /* Release */,
			);
			defaultConfigurationIsVisible = 0;
			defaultConfigurationName = Release;
		};
		CEB1DC012B21B55A004DCEF6 /* Build configuration list for PBXNativeTarget "WeatherNow" */ = {
			isa = XCConfigurationList;
			buildConfigurations = (
				CEB1DC022B21B55A004DCEF6 /* Debug */,
				CEB1DC032B21B55A004DCEF6 /* Release */,
			);
			defaultConfigurationIsVisible = 0;
			defaultConfigurationName = Release;
		};
/* End XCConfigurationList section */
	};
	rootObject = CEB1DBE52B21B558004DCEF6 /* Project object */;
}
